
Microsoft Visual Studio Solution File, Format Version 12.00
# Visual Studio Version 17
VisualStudioVersion = 17.14.37012.4
MinimumVisualStudioVersion = 10.0.40219.1
Project("{FAE04EC0-301F-11D3-BF4B-00C04F79EFBC}") = "CreditImmobilier", "CreditImmobilier.csproj", "{81E3E995-CB01-4BC2-82B8-8D9508180073}"
EndProject
Project("{FAE04EC0-301F-11D3-BF4B-00C04F79EFBC}") = "Tests", "..\Tests\Tests.csproj", "{D044EC91-7319-4E6B-81F3-DAF216B333FC}"
	ProjectSection(ProjectDependencies) = postProject
		{81E3E995-CB01-4BC2-82B8-8D9508180073} = {81E3E995-CB01-4BC2-82B8-8D9508180073}
	EndProjectSection
EndProject
Global
	GlobalSection(SolutionConfigurationPlatforms) = preSolution
		Debug|Any CPU = Debug|Any CPU
		Release|Any CPU = Release|Any CPU
	EndGlobalSection
	GlobalSection(ProjectConfigurationPlatforms) = postSolution
		{81E3E995-CB01-4BC2-82B8-8D9508180073}.Debug|Any CPU.ActiveCfg = Debug|Any CPU
		{81E3E995-CB01-4BC2-82B8-8D9508180073}.Debug|Any CPU.Build.0 = Debug|Any CPU
		{81E3E995-CB01-4BC2-82B8-8D9508180073}.Release|Any CPU.ActiveCfg = Release|Any CPU
		{81E3E995-CB01-4BC2-82B8-8D9508180073}.Release|Any CPU.Build.0 = Release|Any CPU
		{D044EC91-7319-4E6B-81F3-DAF216B333FC}.Debug|Any CPU.ActiveCfg = Debug|Any CPU
		{D044EC91-7319-4E6B-81F3-DAF216B333FC}.Debug|Any CPU.Build.0 = Debug|Any CPU
		{D044EC91-7319-4E6B-81F3-DAF216B333FC}.Release|Any CPU.ActiveCfg = Release|Any CPU
		{D044EC91-7319-4E6B-81F3-DAF216B333FC}.Release|Any CPU.Build.0 = Release|Any CPU
	EndGlobalSection
	GlobalSection(SolutionProperties) = preSolution
		HideSolutionNode = FALSE
	EndGlobalSection
	GlobalSection(ExtensibilityGlobals) = postSolution
		SolutionGuid = {0091135D-709D-4214-9E9A-E339B5CC7E99}
	EndGlobalSection
EndGlobal
